
Microsoft Visual Studio Solution File, Format Version 12.00
# Visual Studio Version 17
VisualStudioVersion = 17.0.31903.59
MinimumVisualStudioVersion = 10.0.40219.1
Project("{2150E333-8FDC-42A3-9474-1A3956D46DE8}") = "Server", "Server", "{DAD03CFC-D5FA-AC94-41C7-9ABAB326F09E}"
EndProject
Project("{FAE04EC0-301F-11D3-BF4B-00C04F79EFBC}") = "Entities", "Server\ClassLibrary1\Entities.csproj", "{B5881CE4-BD91-4E79-9EDD-AC18779B4E39}"
EndProject
Project("{FAE04EC0-301F-11D3-BF4B-00C04F79EFBC}") = "RepositoryContracts", "Server\RepositoryContracts\RepositoryContracts.csproj", "{C758967A-CB66-47B2-B6FE-ED29B097041D}"
EndProject
Project("{FAE04EC0-301F-11D3-BF4B-00C04F79EFBC}") = "InMemoryRepositories", "Server\InMemoryRepositories\InMemoryRepositories.csproj", "{EEB9536E-1F55-443F-802A-31895D8BCD05}"
EndProject
Project("{FAE04EC0-301F-11D3-BF4B-00C04F79EFBC}") = "CLI", "Server\CLI\CLI.csproj", "{B5C5933B-43FD-4BD3-ABD8-61A86EA0A80F}"
EndProject
Project("{FAE04EC0-301F-11D3-BF4B-00C04F79EFBC}") = "FileRepositories", "Server\FileRepositories\FileRepositories.csproj", "{109EAB1A-F273-493B-BBA8-9ABA0EE300D1}"
EndProject
Project("{2150E333-8FDC-42A3-9474-1A3956D46DE8}") = "Shared", "Shared", "{4F52FD11-658E-A102-6CD3-7D7C16FFA15B}"
EndProject
Project("{FAE04EC0-301F-11D3-BF4B-00C04F79EFBC}") = "ApiContracts", "Shared\ApiContracts\ApiContracts.csproj", "{9948F361-2FFB-4351-B544-865A13ED1CFF}"
EndProject
Project("{FAE04EC0-301F-11D3-BF4B-00C04F79EFBC}") = "WebAPI", "Server\WebAPI\WebAPI.csproj", "{78ECA5B4-2AAD-4102-96D3-745803B6B212}"
EndProject
Global
	GlobalSection(SolutionConfigurationPlatforms) = preSolution
		Debug|Any CPU = Debug|Any CPU
		Debug|x64 = Debug|x64
		Debug|x86 = Debug|x86
		Release|Any CPU = Release|Any CPU
		Release|x64 = Release|x64
		Release|x86 = Release|x86
	EndGlobalSection
	GlobalSection(ProjectConfigurationPlatforms) = postSolution
		{B5881CE4-BD91-4E79-9EDD-AC18779B4E39}.Debug|Any CPU.ActiveCfg = Debug|Any CPU
		{B5881CE4-BD91-4E79-9EDD-AC18779B4E39}.Debug|Any CPU.Build.0 = Debug|Any CPU
		{B5881CE4-BD91-4E79-9EDD-AC18779B4E39}.Debug|x64.ActiveCfg = Debug|Any CPU
		{B5881CE4-BD91-4E79-9EDD-AC18779B4E39}.Debug|x64.Build.0 = Debug|Any CPU
		{B5881CE4-BD91-4E79-9EDD-AC18779B4E39}.Debug|x86.ActiveCfg = Debug|Any CPU
		{B5881CE4-BD91-4E79-9EDD-AC18779B4E39}.Debug|x86.Build.0 = Debug|Any CPU
		{B5881CE4-BD91-4E79-9EDD-AC18779B4E39}.Release|Any CPU.ActiveCfg = Release|Any CPU
		{B5881CE4-BD91-4E79-9EDD-AC18779B4E39}.Release|Any CPU.Build.0 = Release|Any CPU
		{B5881CE4-BD91-4E79-9EDD-AC18779B4E39}.Release|x64.ActiveCfg = Release|Any CPU
		{B5881CE4-BD91-4E79-9EDD-AC18779B4E39}.Release|x64.Build.0 = Release|Any CPU
		{B5881CE4-BD91-4E79-9EDD-AC18779B4E39}.Release|x86.ActiveCfg = Release|Any CPU
		{B5881CE4-BD91-4E79-9EDD-AC18779B4E39}.Release|x86.Build.0 = Release|Any CPU
		{C758967A-CB66-47B2-B6FE-ED29B097041D}.Debug|Any CPU.ActiveCfg = Debug|Any CPU
		{C758967A-CB66-47B2-B6FE-ED29B097041D}.Debug|Any CPU.Build.0 = Debug|Any CPU
		{C758967A-CB66-47B2-B6FE-ED29B097041D}.Debug|x64.ActiveCfg = Debug|Any CPU
		{C758967A-CB66-47B2-B6FE-ED29B097041D}.Debug|x64.Build.0 = Debug|Any CPU
		{C758967A-CB66-47B2-B6FE-ED29B097041D}.Debug|x86.ActiveCfg = Debug|Any CPU
		{C758967A-CB66-47B2-B6FE-ED29B097041D}.Debug|x86.Build.0 = Debug|Any CPU
		{C758967A-CB66-47B2-B6FE-ED29B097041D}.Release|Any CPU.ActiveCfg = Release|Any CPU
		{C758967A-CB66-47B2-B6FE-ED29B097041D}.Release|Any CPU.Build.0 = Release|Any CPU
		{C758967A-CB66-47B2-B6FE-ED29B097041D}.Release|x64.ActiveCfg = Release|Any CPU
		{C758967A-CB66-47B2-B6FE-ED29B097041D}.Release|x64.Build.0 = Release|Any CPU
		{C758967A-CB66-47B2-B6FE-ED29B097041D}.Release|x86.ActiveCfg = Release|Any CPU
		{C758967A-CB66-47B2-B6FE-ED29B097041D}.Release|x86.Build.0 = Release|Any CPU
		{EEB9536E-1F55-443F-802A-31895D8BCD05}.Debug|Any CPU.ActiveCfg = Debug|Any CPU
		{EEB9536E-1F55-443F-802A-31895D8BCD05}.Debug|Any CPU.Build.0 = Debug|Any CPU
		{EEB9536E-1F55-443F-802A-31895D8BCD05}.Debug|x64.ActiveCfg = Debug|Any CPU
		{EEB9536E-1F55-443F-802A-31895D8BCD05}.Debug|x64.Build.0 = Debug|Any CPU
		{EEB9536E-1F55-443F-802A-31895D8BCD05}.Debug|x86.ActiveCfg = Debug|Any CPU
		{EEB9536E-1F55-443F-802A-31895D8BCD05}.Debug|x86.Build.0 = Debug|Any CPU
		{EEB9536E-1F55-443F-802A-31895D8BCD05}.Release|Any CPU.ActiveCfg = Release|Any CPU
		{EEB9536E-1F55-443F-802A-31895D8BCD05}.Release|Any CPU.Build.0 = Release|Any CPU
		{EEB9536E-1F55-443F-802A-31895D8BCD05}.Release|x64.ActiveCfg = Release|Any CPU
		{EEB9536E-1F55-443F-802A-31895D8BCD05}.Release|x64.Build.0 = Release|Any CPU
		{EEB9536E-1F55-443F-802A-31895D8BCD05}.Release|x86.ActiveCfg = Release|Any CPU
		{EEB9536E-1F55-443F-802A-31895D8BCD05}.Release|x86.Build.0 = Release|Any CPU
		{B5C5933B-43FD-4BD3-ABD8-61A86EA0A80F}.Debug|Any CPU.ActiveCfg = Debug|Any CPU
		{B5C5933B-43FD-4BD3-ABD8-61A86EA0A80F}.Debug|Any CPU.Build.0 = Debug|Any CPU
		{B5C5933B-43FD-4BD3-ABD8-61A86EA0A80F}.Debug|x64.ActiveCfg = Debug|Any CPU
		{B5C5933B-43FD-4BD3-ABD8-61A86EA0A80F}.Debug|x64.Build.0 = Debug|Any CPU
		{B5C5933B-43FD-4BD3-ABD8-61A86EA0A80F}.Debug|x86.ActiveCfg = Debug|Any CPU
		{B5C5933B-43FD-4BD3-ABD8-61A86EA0A80F}.Debug|x86.Build.0 = Debug|Any CPU
		{B5C5933B-43FD-4BD3-ABD8-61A86EA0A80F}.Release|Any CPU.ActiveCfg = Release|Any CPU
		{B5C5933B-43FD-4BD3-ABD8-61A86EA0A80F}.Release|Any CPU.Build.0 = Release|Any CPU
		{B5C5933B-43FD-4BD3-ABD8-61A86EA0A80F}.Release|x64.ActiveCfg = Release|Any CPU
		{B5C5933B-43FD-4BD3-ABD8-61A86EA0A80F}.Release|x64.Build.0 = Release|Any CPU
		{B5C5933B-43FD-4BD3-ABD8-61A86EA0A80F}.Release|x86.ActiveCfg = Release|Any CPU
		{B5C5933B-43FD-4BD3-ABD8-61A86EA0A80F}.Release|x86.Build.0 = Release|Any CPU
		{109EAB1A-F273-493B-BBA8-9ABA0EE300D1}.Debug|Any CPU.ActiveCfg = Debug|Any CPU
		{109EAB1A-F273-493B-BBA8-9ABA0EE300D1}.Debug|Any CPU.Build.0 = Debug|Any CPU
		{109EAB1A-F273-493B-BBA8-9ABA0EE300D1}.Debug|x64.ActiveCfg = Debug|Any CPU
		{109EAB1A-F273-493B-BBA8-9ABA0EE300D1}.Debug|x64.Build.0 = Debug|Any CPU
		{109EAB1A-F273-493B-BBA8-9ABA0EE300D1}.Debug|x86.ActiveCfg = Debug|Any CPU
		{109EAB1A-F273-493B-BBA8-9ABA0EE300D1}.Debug|x86.Build.0 = Debug|Any CPU
		{109EAB1A-F273-493B-BBA8-9ABA0EE300D1}.Release|Any CPU.ActiveCfg = Release|Any CPU
		{109EAB1A-F273-493B-BBA8-9ABA0EE300D1}.Release|Any CPU.Build.0 = Release|Any CPU
		{109EAB1A-F273-493B-BBA8-9ABA0EE300D1}.Release|x64.ActiveCfg = Release|Any CPU
		{109EAB1A-F273-493B-BBA8-9ABA0EE300D1}.Release|x64.Build.0 = Release|Any CPU
		{109EAB1A-F273-493B-BBA8-9ABA0EE300D1}.Release|x86.ActiveCfg = Release|Any CPU
		{109EAB1A-F273-493B-BBA8-9ABA0EE300D1}.Release|x86.Build.0 = Release|Any CPU
		{9948F361-2FFB-4351-B544-865A13ED1CFF}.Debug|Any CPU.ActiveCfg = Debug|Any CPU
		{9948F361-2FFB-4351-B544-865A13ED1CFF}.Debug|Any CPU.Build.0 = Debug|Any CPU
		{9948F361-2FFB-4351-B544-865A13ED1CFF}.Debug|x64.ActiveCfg = Debug|Any CPU
		{9948F361-2FFB-4351-B544-865A13ED1CFF}.Debug|x64.Build.0 = Debug|Any CPU
		{9948F361-2FFB-4351-B544-865A13ED1CFF}.Debug|x86.ActiveCfg = Debug|Any CPU
		{9948F361-2FFB-4351-B544-865A13ED1CFF}.Debug|x86.Build.0 = Debug|Any CPU
		{9948F361-2FFB-4351-B544-865A13ED1CFF}.Release|Any CPU.ActiveCfg = Release|Any CPU
		{9948F361-2FFB-4351-B544-865A13ED1CFF}.Release|Any CPU.Build.0 = Release|Any CPU
		{9948F361-2FFB-4351-B544-865A13ED1CFF}.Release|x64.ActiveCfg = Release|Any CPU
		{9948F361-2FFB-4351-B544-865A13ED1CFF}.Release|x64.Build.0 = Release|Any CPU
		{9948F361-2FFB-4351-B544-865A13ED1CFF}.Release|x86.ActiveCfg = Release|Any CPU
		{9948F361-2FFB-4351-B544-865A13ED1CFF}.Release|x86.Build.0 = Release|Any CPU
		{78ECA5B4-2AAD-4102-96D3-745803B6B212}.Debug|Any CPU.ActiveCfg = Debug|Any CPU
		{78ECA5B4-2AAD-4102-96D3-745803B6B212}.Debug|Any CPU.Build.0 = Debug|Any CPU
		{78ECA5B4-2AAD-4102-96D3-745803B6B212}.Debug|x64.ActiveCfg = Debug|Any CPU
		{78ECA5B4-2AAD-4102-96D3-745803B6B212}.Debug|x64.Build.0 = Debug|Any CPU
		{78ECA5B4-2AAD-4102-96D3-745803B6B212}.Debug|x86.ActiveCfg = Debug|Any CPU
		{78ECA5B4-2AAD-4102-96D3-745803B6B212}.Debug|x86.Build.0 = Debug|Any CPU
		{78ECA5B4-2AAD-4102-96D3-745803B6B212}.Release|Any CPU.ActiveCfg = Release|Any CPU
		{78ECA5B4-2AAD-4102-96D3-745803B6B212}.Release|Any CPU.Build.0 = Release|Any CPU
		{78ECA5B4-2AAD-4102-96D3-745803B6B212}.Release|x64.ActiveCfg = Release|Any CPU
		{78ECA5B4-2AAD-4102-96D3-745803B6B212}.Release|x64.Build.0 = Release|Any CPU
		{78ECA5B4-2AAD-4102-96D3-745803B6B212}.Release|x86.ActiveCfg = Release|Any CPU
		{78ECA5B4-2AAD-4102-96D3-745803B6B212}.Release|x86.Build.0 = Release|Any CPU
	EndGlobalSection
	GlobalSection(SolutionProperties) = preSolution
		HideSolutionNode = FALSE
	EndGlobalSection
	GlobalSection(NestedProjects) = preSolution
		{B5881CE4-BD91-4E79-9EDD-AC18779B4E39} = {DAD03CFC-D5FA-AC94-41C7-9ABAB326F09E}
		{C758967A-CB66-47B2-B6FE-ED29B097041D} = {DAD03CFC-D5FA-AC94-41C7-9ABAB326F09E}
		{EEB9536E-1F55-443F-802A-31895D8BCD05} = {DAD03CFC-D5FA-AC94-41C7-9ABAB326F09E}
		{B5C5933B-43FD-4BD3-ABD8-61A86EA0A80F} = {DAD03CFC-D5FA-AC94-41C7-9ABAB326F09E}
		{109EAB1A-F273-493B-BBA8-9ABA0EE300D1} = {DAD03CFC-D5FA-AC94-41C7-9ABAB326F09E}
		{9948F361-2FFB-4351-B544-865A13ED1CFF} = {4F52FD11-658E-A102-6CD3-7D7C16FFA15B}
		{78ECA5B4-2AAD-4102-96D3-745803B6B212} = {DAD03CFC-D5FA-AC94-41C7-9ABAB326F09E}
	EndGlobalSection
EndGlobal
